
Microsoft Visual Studio Solution File, Format Version 12.00
# Visual Studio 14
VisualStudioVersion = 14.0.22310.1
MinimumVisualStudioVersion = 10.0.40219.1
Project("{FAE04EC0-301F-11D3-BF4B-00C04F79EFBC}") = "DatabindingFonts", "DatabindingFonts\DatabindingFonts.csproj", "{64651EA2-FB34-4508-9174-5CF83DAF73B9}"
EndProject
Global
	GlobalSection(SolutionConfigurationPlatforms) = preSolution
		Debug|Any CPU = Debug|Any CPU
		Release|Any CPU = Release|Any CPU
	EndGlobalSection
	GlobalSection(ProjectConfigurationPlatforms) = postSolution
		{64651EA2-FB34-4508-9174-5CF83DAF73B9}.Debug|Any CPU.ActiveCfg = Debug|Any CPU
		{64651EA2-FB34-4508-9174-5CF83DAF73B9}.Debug|Any CPU.Build.0 = Debug|Any CPU
		{64651EA2-FB34-4508-9174-5CF83DAF73B9}.Release|Any CPU.ActiveCfg = Release|Any CPU
		{64651EA2-FB34-4508-9174-5CF83DAF73B9}.Release|Any CPU.Build.0 = Release|Any CPU
	EndGlobalSection
	GlobalSection(SolutionProperties) = preSolution
		HideSolutionNode = FALSE
	EndGlobalSection
EndGlobal
