
Microsoft Visual Studio Solution File, Format Version 12.00
# Visual Studio 14
VisualStudioVersion = 14.0.22310.1
MinimumVisualStudioVersion = 10.0.40219.1
Project("{FAE04EC0-301F-11D3-BF4B-00C04F79EFBC}") = "DataBinding_2", "DataBinding_2\DataBinding_2.csproj", "{84095A1A-DBEA-417B-A09C-7024AB40FB56}"
EndProject
Global
	GlobalSection(SolutionConfigurationPlatforms) = preSolution
		Debug|Any CPU = Debug|Any CPU
		Release|Any CPU = Release|Any CPU
	EndGlobalSection
	GlobalSection(ProjectConfigurationPlatforms) = postSolution
		{84095A1A-DBEA-417B-A09C-7024AB40FB56}.Debug|Any CPU.ActiveCfg = Debug|Any CPU
		{84095A1A-DBEA-417B-A09C-7024AB40FB56}.Debug|Any CPU.Build.0 = Debug|Any CPU
		{84095A1A-DBEA-417B-A09C-7024AB40FB56}.Release|Any CPU.ActiveCfg = Release|Any CPU
		{84095A1A-DBEA-417B-A09C-7024AB40FB56}.Release|Any CPU.Build.0 = Release|Any CPU
	EndGlobalSection
	GlobalSection(SolutionProperties) = preSolution
		HideSolutionNode = FALSE
	EndGlobalSection
EndGlobal
