
Microsoft Visual Studio Solution File, Format Version 12.00
# Visual Studio 2013
VisualStudioVersion = 12.0.31101.0
MinimumVisualStudioVersion = 10.0.40219.1
Project("{FAE04EC0-301F-11D3-BF4B-00C04F79EFBC}") = "StackDemo", "StackDemo\StackDemo.csproj", "{5A6761D1-1C4B-48EC-81D6-A37075BF40FF}"
EndProject
Global
	GlobalSection(SolutionConfigurationPlatforms) = preSolution
		Debug|Any CPU = Debug|Any CPU
		Release|Any CPU = Release|Any CPU
	EndGlobalSection
	GlobalSection(ProjectConfigurationPlatforms) = postSolution
		{5A6761D1-1C4B-48EC-81D6-A37075BF40FF}.Debug|Any CPU.ActiveCfg = Debug|Any CPU
		{5A6761D1-1C4B-48EC-81D6-A37075BF40FF}.Debug|Any CPU.Build.0 = Debug|Any CPU
		{5A6761D1-1C4B-48EC-81D6-A37075BF40FF}.Release|Any CPU.ActiveCfg = Release|Any CPU
		{5A6761D1-1C4B-48EC-81D6-A37075BF40FF}.Release|Any CPU.Build.0 = Release|Any CPU
	EndGlobalSection
	GlobalSection(SolutionProperties) = preSolution
		HideSolutionNode = FALSE
	EndGlobalSection
EndGlobal
